
Microsoft Visual Studio Solution File, Format Version 12.00
# Visual Studio Version 17
VisualStudioVersion = 17.8.34004.107
MinimumVisualStudioVersion = 10.0.40219.1
Project("{FAE04EC0-301F-11D3-BF4B-00C04F79EFBC}") = "CommandParentingSample", "CommandParentingSample.csproj", "{64F4AA08-135D-4A8B-ABDF-58E8189A3DF6}"
EndProject
Global
	GlobalSection(SolutionConfigurationPlatforms) = preSolution
		Debug|Any CPU = Debug|Any CPU
		Release|Any CPU = Release|Any CPU
	EndGlobalSection
	GlobalSection(ProjectConfigurationPlatforms) = postSolution
		{64F4AA08-135D-4A8B-ABDF-58E8189A3DF6}.Debug|Any CPU.ActiveCfg = Debug|Any CPU
		{64F4AA08-135D-4A8B-ABDF-58E8189A3DF6}.Debug|Any CPU.Build.0 = Debug|Any CPU
		{64F4AA08-135D-4A8B-ABDF-58E8189A3DF6}.Release|Any CPU.ActiveCfg = Release|Any CPU
		{64F4AA08-135D-4A8B-ABDF-58E8189A3DF6}.Release|Any CPU.Build.0 = Release|Any CPU
	EndGlobalSection
	GlobalSection(SolutionProperties) = preSolution
		HideSolutionNode = FALSE
	EndGlobalSection
	GlobalSection(ExtensibilityGlobals) = postSolution
		SolutionGuid = {5B7D75C6-F24F-4193-AC30-72D9F11A62C4}
	EndGlobalSection
EndGlobal
